
Microsoft Visual Studio Solution File, Format Version 12.00
# Visual Studio 15
VisualStudioVersion = 15.0.28010.2041
MinimumVisualStudioVersion = 10.0.40219.1
Project("{FAE04EC0-301F-11D3-BF4B-00C04F79EFBC}") = "ConsoleApp4", "ConsoleApp4\ConsoleApp4.csproj", "{328C788E-9D27-4F02-B4C7-489B76BFC9C2}"
EndProject
Global
	GlobalSection(SolutionConfigurationPlatforms) = preSolution
		Debug|Any CPU = Debug|Any CPU
		Release|Any CPU = Release|Any CPU
	EndGlobalSection
	GlobalSection(ProjectConfigurationPlatforms) = postSolution
		{328C788E-9D27-4F02-B4C7-489B76BFC9C2}.Debug|Any CPU.ActiveCfg = Debug|Any CPU
		{328C788E-9D27-4F02-B4C7-489B76BFC9C2}.Debug|Any CPU.Build.0 = Debug|Any CPU
		{328C788E-9D27-4F02-B4C7-489B76BFC9C2}.Release|Any CPU.ActiveCfg = Release|Any CPU
		{328C788E-9D27-4F02-B4C7-489B76BFC9C2}.Release|Any CPU.Build.0 = Release|Any CPU
	EndGlobalSection
	GlobalSection(SolutionProperties) = preSolution
		HideSolutionNode = FALSE
	EndGlobalSection
	GlobalSection(ExtensibilityGlobals) = postSolution
		SolutionGuid = {12925959-D30A-4ACC-AF83-2AC79CD96048}
	EndGlobalSection
EndGlobal
